
Microsoft Visual Studio Solution File, Format Version 12.00
# Visual Studio Version 17
VisualStudioVersion = 17.0.31903.59
MinimumVisualStudioVersion = 10.0.40219.1
Project("{2150E333-8FDC-42A3-9474-1A3956D46DE8}") = "Gateways", "Gateways", "{C3A202AD-EADD-4864-49DF-ED20E2971546}"
EndProject
Project("{2150E333-8FDC-42A3-9474-1A3956D46DE8}") = "API Gateway", "API Gateway", "{DE5837C4-E0B5-8737-ACCF-D8F08A26C877}"
EndProject
Project("{FAE04EC0-301F-11D3-BF4B-00C04F79EFBC}") = "ApiGateway", "Gateways\API Gateway\ApiGateway.csproj", "{3923D700-F15B-46B7-81D4-08F4EBD493A5}"
EndProject
Project("{2150E333-8FDC-42A3-9474-1A3956D46DE8}") = "Auth Service", "Auth Service", "{33CDDDAC-3B00-A2B1-A4AD-DEFAC6387B16}"
EndProject
Project("{FAE04EC0-301F-11D3-BF4B-00C04F79EFBC}") = "AuthService", "Gateways\Auth Service\AuthService.csproj", "{6F402521-35E7-457B-B317-407466D350FC}"
EndProject
Project("{2150E333-8FDC-42A3-9474-1A3956D46DE8}") = "Services", "Services", "{5854FF58-B8C5-05C6-5BF2-ACE42193F22B}"
EndProject
Project("{2150E333-8FDC-42A3-9474-1A3956D46DE8}") = "CatalogService", "CatalogService", "{F4BC60BF-FA78-A8A3-0EF3-9C7C2CEBF534}"
EndProject
Project("{2150E333-8FDC-42A3-9474-1A3956D46DE8}") = "Application", "Application", "{89A77281-2D1E-154A-6298-D9E35C89BF86}"
EndProject
Project("{FAE04EC0-301F-11D3-BF4B-00C04F79EFBC}") = "CatalogService.Application", "Services\CatalogService\Application\CatalogService.Application.csproj", "{E4BDAD61-1912-4BE3-B80F-E19BCDFDD5AB}"
EndProject
Project("{2150E333-8FDC-42A3-9474-1A3956D46DE8}") = "Domain", "Domain", "{08CDBD14-2D98-96E0-91EC-791617A15C0B}"
EndProject
Project("{FAE04EC0-301F-11D3-BF4B-00C04F79EFBC}") = "CatalogService.Domain", "Services\CatalogService\Domain\CatalogService.Domain.csproj", "{EBD80B0F-CDC0-439A-904B-F2C2A08AC911}"
EndProject
Project("{2150E333-8FDC-42A3-9474-1A3956D46DE8}") = "Infrastructure", "Infrastructure", "{AE2F9CF0-AF3E-25D6-152C-D7B363EF0B0E}"
EndProject
Project("{FAE04EC0-301F-11D3-BF4B-00C04F79EFBC}") = "CatalogService.Infrastructure", "Services\CatalogService\Infrastructure\CatalogService.Infrastructure.csproj", "{761F9285-252D-4835-A125-28F7B8A676AA}"
EndProject
Project("{2150E333-8FDC-42A3-9474-1A3956D46DE8}") = "Presentation", "Presentation", "{4A0F9E6C-ED95-E681-7DD5-77F02E68E555}"
EndProject
Project("{FAE04EC0-301F-11D3-BF4B-00C04F79EFBC}") = "CatalogService.Presentation", "Services\CatalogService\Presentation\CatalogService.Presentation.csproj", "{480F8119-3276-4728-8078-AF96D043CE3B}"
EndProject
Project("{2150E333-8FDC-42A3-9474-1A3956D46DE8}") = "OrderService", "OrderService", "{05772A79-6677-48D6-4812-5BDCDF485F71}"
EndProject
Project("{2150E333-8FDC-42A3-9474-1A3956D46DE8}") = "Application", "Application", "{9D35ED81-5230-1A7B-F54E-A61F72188AEC}"
EndProject
Project("{FAE04EC0-301F-11D3-BF4B-00C04F79EFBC}") = "OrderService.Application", "Services\OrderService\Application\OrderService.Application.csproj", "{2C67C422-F2D9-48A3-86B7-6541AB9A7C4B}"
EndProject
Project("{2150E333-8FDC-42A3-9474-1A3956D46DE8}") = "Domain", "Domain", "{C29EC3EB-22F9-EEEF-04BF-91B0D548B91A}"
EndProject
Project("{FAE04EC0-301F-11D3-BF4B-00C04F79EFBC}") = "OrderService.Domain", "Services\OrderService\Domain\OrderService.Domain.csproj", "{040F4D01-EA60-43BB-9FCC-3D193B357AFA}"
EndProject
Project("{2150E333-8FDC-42A3-9474-1A3956D46DE8}") = "Infrastructure", "Infrastructure", "{5290E2B8-4EAD-409A-0332-9F6C97ADEE09}"
EndProject
Project("{FAE04EC0-301F-11D3-BF4B-00C04F79EFBC}") = "OrderService.Infrastructure", "Services\OrderService\Infrastructure\OrderService.Infrastructure.csproj", "{E842A325-DA23-46F1-8DFC-D787ED46E4D8}"
EndProject
Project("{2150E333-8FDC-42A3-9474-1A3956D46DE8}") = "Presentation", "Presentation", "{35547102-6A33-3C0C-8BC3-C046CF691F7B}"
EndProject
Project("{FAE04EC0-301F-11D3-BF4B-00C04F79EFBC}") = "OrderService.Presentation", "Services\OrderService\Presentation\OrderService.Presentation.csproj", "{DB03557D-887D-4B33-BE39-DDA4116D18EF}"
EndProject
Project("{2150E333-8FDC-42A3-9474-1A3956D46DE8}") = "PaymentService", "PaymentService", "{C37F6A99-4F64-C411-A3CA-5C94B414AB7E}"
EndProject
Project("{2150E333-8FDC-42A3-9474-1A3956D46DE8}") = "Application", "Application", "{4D7A9D38-F98D-A8C8-1597-86AF2C6ED751}"
EndProject
Project("{FAE04EC0-301F-11D3-BF4B-00C04F79EFBC}") = "PaymentService.Application", "Services\PaymentService\Application\PaymentService.Application.csproj", "{0140BA01-1329-43A0-9DF2-903023271EF0}"
EndProject
Project("{2150E333-8FDC-42A3-9474-1A3956D46DE8}") = "Domain", "Domain", "{FD27AA2D-1E56-FC2C-5EC3-1510B35841E9}"
EndProject
Project("{FAE04EC0-301F-11D3-BF4B-00C04F79EFBC}") = "PaymentService.Domain", "Services\PaymentService\Domain\PaymentService.Domain.csproj", "{5447B431-5B3A-47D6-A428-CFC01D71137C}"
EndProject
Project("{2150E333-8FDC-42A3-9474-1A3956D46DE8}") = "Infrastructure", "Infrastructure", "{3220822C-6F43-9A64-53A5-67B79EFAFA65}"
EndProject
Project("{FAE04EC0-301F-11D3-BF4B-00C04F79EFBC}") = "PaymentService.Infrastructure", "Services\PaymentService\Infrastructure\PaymentService.Infrastructure.csproj", "{9432CBC4-EC34-4D62-A3F1-45DF2F914F13}"
EndProject
Project("{2150E333-8FDC-42A3-9474-1A3956D46DE8}") = "Presentation", "Presentation", "{C93EC28C-1D59-A885-2079-1D0EBB38A91E}"
EndProject
Project("{FAE04EC0-301F-11D3-BF4B-00C04F79EFBC}") = "PaymentService.Presentation", "Services\PaymentService\Presentation\PaymentService.Presentation.csproj", "{067D3395-2CED-4A60-AC18-FA9F87158D28}"
EndProject
Project("{2150E333-8FDC-42A3-9474-1A3956D46DE8}") = "SharedKernel", "SharedKernel", "{02EA681E-C7D8-13C7-8484-4AC65E1B71E8}"
EndProject
Project("{FAE04EC0-301F-11D3-BF4B-00C04F79EFBC}") = "SharedKernel", "SharedKernel\SharedKernel.csproj", "{E68FA0BA-F0A4-F704-5156-C748B031AB9D}"
EndProject
Global
	GlobalSection(SolutionConfigurationPlatforms) = preSolution
		Debug|Any CPU = Debug|Any CPU
		Debug|x64 = Debug|x64
		Debug|x86 = Debug|x86
		Release|Any CPU = Release|Any CPU
		Release|x64 = Release|x64
		Release|x86 = Release|x86
	EndGlobalSection
	GlobalSection(ProjectConfigurationPlatforms) = postSolution
		{3923D700-F15B-46B7-81D4-08F4EBD493A5}.Debug|Any CPU.ActiveCfg = Debug|Any CPU
		{3923D700-F15B-46B7-81D4-08F4EBD493A5}.Debug|Any CPU.Build.0 = Debug|Any CPU
		{3923D700-F15B-46B7-81D4-08F4EBD493A5}.Debug|x64.ActiveCfg = Debug|Any CPU
		{3923D700-F15B-46B7-81D4-08F4EBD493A5}.Debug|x64.Build.0 = Debug|Any CPU
		{3923D700-F15B-46B7-81D4-08F4EBD493A5}.Debug|x86.ActiveCfg = Debug|Any CPU
		{3923D700-F15B-46B7-81D4-08F4EBD493A5}.Debug|x86.Build.0 = Debug|Any CPU
		{3923D700-F15B-46B7-81D4-08F4EBD493A5}.Release|Any CPU.ActiveCfg = Release|Any CPU
		{3923D700-F15B-46B7-81D4-08F4EBD493A5}.Release|Any CPU.Build.0 = Release|Any CPU
		{3923D700-F15B-46B7-81D4-08F4EBD493A5}.Release|x64.ActiveCfg = Release|Any CPU
		{3923D700-F15B-46B7-81D4-08F4EBD493A5}.Release|x64.Build.0 = Release|Any CPU
		{3923D700-F15B-46B7-81D4-08F4EBD493A5}.Release|x86.ActiveCfg = Release|Any CPU
		{3923D700-F15B-46B7-81D4-08F4EBD493A5}.Release|x86.Build.0 = Release|Any CPU
		{6F402521-35E7-457B-B317-407466D350FC}.Debug|Any CPU.ActiveCfg = Debug|Any CPU
		{6F402521-35E7-457B-B317-407466D350FC}.Debug|Any CPU.Build.0 = Debug|Any CPU
		{6F402521-35E7-457B-B317-407466D350FC}.Debug|x64.ActiveCfg = Debug|Any CPU
		{6F402521-35E7-457B-B317-407466D350FC}.Debug|x64.Build.0 = Debug|Any CPU
		{6F402521-35E7-457B-B317-407466D350FC}.Debug|x86.ActiveCfg = Debug|Any CPU
		{6F402521-35E7-457B-B317-407466D350FC}.Debug|x86.Build.0 = Debug|Any CPU
		{6F402521-35E7-457B-B317-407466D350FC}.Release|Any CPU.ActiveCfg = Release|Any CPU
		{6F402521-35E7-457B-B317-407466D350FC}.Release|Any CPU.Build.0 = Release|Any CPU
		{6F402521-35E7-457B-B317-407466D350FC}.Release|x64.ActiveCfg = Release|Any CPU
		{6F402521-35E7-457B-B317-407466D350FC}.Release|x64.Build.0 = Release|Any CPU
		{6F402521-35E7-457B-B317-407466D350FC}.Release|x86.ActiveCfg = Release|Any CPU
		{6F402521-35E7-457B-B317-407466D350FC}.Release|x86.Build.0 = Release|Any CPU
		{E4BDAD61-1912-4BE3-B80F-E19BCDFDD5AB}.Debug|Any CPU.ActiveCfg = Debug|Any CPU
		{E4BDAD61-1912-4BE3-B80F-E19BCDFDD5AB}.Debug|Any CPU.Build.0 = Debug|Any CPU
		{E4BDAD61-1912-4BE3-B80F-E19BCDFDD5AB}.Debug|x64.ActiveCfg = Debug|Any CPU
		{E4BDAD61-1912-4BE3-B80F-E19BCDFDD5AB}.Debug|x64.Build.0 = Debug|Any CPU
		{E4BDAD61-1912-4BE3-B80F-E19BCDFDD5AB}.Debug|x86.ActiveCfg = Debug|Any CPU
		{E4BDAD61-1912-4BE3-B80F-E19BCDFDD5AB}.Debug|x86.Build.0 = Debug|Any CPU
		{E4BDAD61-1912-4BE3-B80F-E19BCDFDD5AB}.Release|Any CPU.ActiveCfg = Release|Any CPU
		{E4BDAD61-1912-4BE3-B80F-E19BCDFDD5AB}.Release|Any CPU.Build.0 = Release|Any CPU
		{E4BDAD61-1912-4BE3-B80F-E19BCDFDD5AB}.Release|x64.ActiveCfg = Release|Any CPU
		{E4BDAD61-1912-4BE3-B80F-E19BCDFDD5AB}.Release|x64.Build.0 = Release|Any CPU
		{E4BDAD61-1912-4BE3-B80F-E19BCDFDD5AB}.Release|x86.ActiveCfg = Release|Any CPU
		{E4BDAD61-1912-4BE3-B80F-E19BCDFDD5AB}.Release|x86.Build.0 = Release|Any CPU
		{EBD80B0F-CDC0-439A-904B-F2C2A08AC911}.Debug|Any CPU.ActiveCfg = Debug|Any CPU
		{EBD80B0F-CDC0-439A-904B-F2C2A08AC911}.Debug|Any CPU.Build.0 = Debug|Any CPU
		{EBD80B0F-CDC0-439A-904B-F2C2A08AC911}.Debug|x64.ActiveCfg = Debug|Any CPU
		{EBD80B0F-CDC0-439A-904B-F2C2A08AC911}.Debug|x64.Build.0 = Debug|Any CPU
		{EBD80B0F-CDC0-439A-904B-F2C2A08AC911}.Debug|x86.ActiveCfg = Debug|Any CPU
		{EBD80B0F-CDC0-439A-904B-F2C2A08AC911}.Debug|x86.Build.0 = Debug|Any CPU
		{EBD80B0F-CDC0-439A-904B-F2C2A08AC911}.Release|Any CPU.ActiveCfg = Release|Any CPU
		{EBD80B0F-CDC0-439A-904B-F2C2A08AC911}.Release|Any CPU.Build.0 = Release|Any CPU
		{EBD80B0F-CDC0-439A-904B-F2C2A08AC911}.Release|x64.ActiveCfg = Release|Any CPU
		{EBD80B0F-CDC0-439A-904B-F2C2A08AC911}.Release|x64.Build.0 = Release|Any CPU
		{EBD80B0F-CDC0-439A-904B-F2C2A08AC911}.Release|x86.ActiveCfg = Release|Any CPU
		{EBD80B0F-CDC0-439A-904B-F2C2A08AC911}.Release|x86.Build.0 = Release|Any CPU
		{761F9285-252D-4835-A125-28F7B8A676AA}.Debug|Any CPU.ActiveCfg = Debug|Any CPU
		{761F9285-252D-4835-A125-28F7B8A676AA}.Debug|Any CPU.Build.0 = Debug|Any CPU
		{761F9285-252D-4835-A125-28F7B8A676AA}.Debug|x64.ActiveCfg = Debug|Any CPU
		{761F9285-252D-4835-A125-28F7B8A676AA}.Debug|x64.Build.0 = Debug|Any CPU
		{761F9285-252D-4835-A125-28F7B8A676AA}.Debug|x86.ActiveCfg = Debug|Any CPU
		{761F9285-252D-4835-A125-28F7B8A676AA}.Debug|x86.Build.0 = Debug|Any CPU
		{761F9285-252D-4835-A125-28F7B8A676AA}.Release|Any CPU.ActiveCfg = Release|Any CPU
		{761F9285-252D-4835-A125-28F7B8A676AA}.Release|Any CPU.Build.0 = Release|Any CPU
		{761F9285-252D-4835-A125-28F7B8A676AA}.Release|x64.ActiveCfg = Release|Any CPU
		{761F9285-252D-4835-A125-28F7B8A676AA}.Release|x64.Build.0 = Release|Any CPU
		{761F9285-252D-4835-A125-28F7B8A676AA}.Release|x86.ActiveCfg = Release|Any CPU
		{761F9285-252D-4835-A125-28F7B8A676AA}.Release|x86.Build.0 = Release|Any CPU
		{480F8119-3276-4728-8078-AF96D043CE3B}.Debug|Any CPU.ActiveCfg = Debug|Any CPU
		{480F8119-3276-4728-8078-AF96D043CE3B}.Debug|Any CPU.Build.0 = Debug|Any CPU
		{480F8119-3276-4728-8078-AF96D043CE3B}.Debug|x64.ActiveCfg = Debug|Any CPU
		{480F8119-3276-4728-8078-AF96D043CE3B}.Debug|x64.Build.0 = Debug|Any CPU
		{480F8119-3276-4728-8078-AF96D043CE3B}.Debug|x86.ActiveCfg = Debug|Any CPU
		{480F8119-3276-4728-8078-AF96D043CE3B}.Debug|x86.Build.0 = Debug|Any CPU
		{480F8119-3276-4728-8078-AF96D043CE3B}.Release|Any CPU.ActiveCfg = Release|Any CPU
		{480F8119-3276-4728-8078-AF96D043CE3B}.Release|Any CPU.Build.0 = Release|Any CPU
		{480F8119-3276-4728-8078-AF96D043CE3B}.Release|x64.ActiveCfg = Release|Any CPU
		{480F8119-3276-4728-8078-AF96D043CE3B}.Release|x64.Build.0 = Release|Any CPU
		{480F8119-3276-4728-8078-AF96D043CE3B}.Release|x86.ActiveCfg = Release|Any CPU
		{480F8119-3276-4728-8078-AF96D043CE3B}.Release|x86.Build.0 = Release|Any CPU
		{2C67C422-F2D9-48A3-86B7-6541AB9A7C4B}.Debug|Any CPU.ActiveCfg = Debug|Any CPU
		{2C67C422-F2D9-48A3-86B7-6541AB9A7C4B}.Debug|Any CPU.Build.0 = Debug|Any CPU
		{2C67C422-F2D9-48A3-86B7-6541AB9A7C4B}.Debug|x64.ActiveCfg = Debug|Any CPU
		{2C67C422-F2D9-48A3-86B7-6541AB9A7C4B}.Debug|x64.Build.0 = Debug|Any CPU
		{2C67C422-F2D9-48A3-86B7-6541AB9A7C4B}.Debug|x86.ActiveCfg = Debug|Any CPU
		{2C67C422-F2D9-48A3-86B7-6541AB9A7C4B}.Debug|x86.Build.0 = Debug|Any CPU
		{2C67C422-F2D9-48A3-86B7-6541AB9A7C4B}.Release|Any CPU.ActiveCfg = Release|Any CPU
		{2C67C422-F2D9-48A3-86B7-6541AB9A7C4B}.Release|Any CPU.Build.0 = Release|Any CPU
		{2C67C422-F2D9-48A3-86B7-6541AB9A7C4B}.Release|x64.ActiveCfg = Release|Any CPU
		{2C67C422-F2D9-48A3-86B7-6541AB9A7C4B}.Release|x64.Build.0 = Release|Any CPU
		{2C67C422-F2D9-48A3-86B7-6541AB9A7C4B}.Release|x86.ActiveCfg = Release|Any CPU
		{2C67C422-F2D9-48A3-86B7-6541AB9A7C4B}.Release|x86.Build.0 = Release|Any CPU
		{040F4D01-EA60-43BB-9FCC-3D193B357AFA}.Debug|Any CPU.ActiveCfg = Debug|Any CPU
		{040F4D01-EA60-43BB-9FCC-3D193B357AFA}.Debug|Any CPU.Build.0 = Debug|Any CPU
		{040F4D01-EA60-43BB-9FCC-3D193B357AFA}.Debug|x64.ActiveCfg = Debug|Any CPU
		{040F4D01-EA60-43BB-9FCC-3D193B357AFA}.Debug|x64.Build.0 = Debug|Any CPU
		{040F4D01-EA60-43BB-9FCC-3D193B357AFA}.Debug|x86.ActiveCfg = Debug|Any CPU
		{040F4D01-EA60-43BB-9FCC-3D193B357AFA}.Debug|x86.Build.0 = Debug|Any CPU
		{040F4D01-EA60-43BB-9FCC-3D193B357AFA}.Release|Any CPU.ActiveCfg = Release|Any CPU
		{040F4D01-EA60-43BB-9FCC-3D193B357AFA}.Release|Any CPU.Build.0 = Release|Any CPU
		{040F4D01-EA60-43BB-9FCC-3D193B357AFA}.Release|x64.ActiveCfg = Release|Any CPU
		{040F4D01-EA60-43BB-9FCC-3D193B357AFA}.Release|x64.Build.0 = Release|Any CPU
		{040F4D01-EA60-43BB-9FCC-3D193B357AFA}.Release|x86.ActiveCfg = Release|Any CPU
		{040F4D01-EA60-43BB-9FCC-3D193B357AFA}.Release|x86.Build.0 = Release|Any CPU
		{E842A325-DA23-46F1-8DFC-D787ED46E4D8}.Debug|Any CPU.ActiveCfg = Debug|Any CPU
		{E842A325-DA23-46F1-8DFC-D787ED46E4D8}.Debug|Any CPU.Build.0 = Debug|Any CPU
		{E842A325-DA23-46F1-8DFC-D787ED46E4D8}.Debug|x64.ActiveCfg = Debug|Any CPU
		{E842A325-DA23-46F1-8DFC-D787ED46E4D8}.Debug|x64.Build.0 = Debug|Any CPU
		{E842A325-DA23-46F1-8DFC-D787ED46E4D8}.Debug|x86.ActiveCfg = Debug|Any CPU
		{E842A325-DA23-46F1-8DFC-D787ED46E4D8}.Debug|x86.Build.0 = Debug|Any CPU
		{E842A325-DA23-46F1-8DFC-D787ED46E4D8}.Release|Any CPU.ActiveCfg = Release|Any CPU
		{E842A325-DA23-46F1-8DFC-D787ED46E4D8}.Release|Any CPU.Build.0 = Release|Any CPU
		{E842A325-DA23-46F1-8DFC-D787ED46E4D8}.Release|x64.ActiveCfg = Release|Any CPU
		{E842A325-DA23-46F1-8DFC-D787ED46E4D8}.Release|x64.Build.0 = Release|Any CPU
		{E842A325-DA23-46F1-8DFC-D787ED46E4D8}.Release|x86.ActiveCfg = Release|Any CPU
		{E842A325-DA23-46F1-8DFC-D787ED46E4D8}.Release|x86.Build.0 = Release|Any CPU
		{DB03557D-887D-4B33-BE39-DDA4116D18EF}.Debug|Any CPU.ActiveCfg = Debug|Any CPU
		{DB03557D-887D-4B33-BE39-DDA4116D18EF}.Debug|Any CPU.Build.0 = Debug|Any CPU
		{DB03557D-887D-4B33-BE39-DDA4116D18EF}.Debug|x64.ActiveCfg = Debug|Any CPU
		{DB03557D-887D-4B33-BE39-DDA4116D18EF}.Debug|x64.Build.0 = Debug|Any CPU
		{DB03557D-887D-4B33-BE39-DDA4116D18EF}.Debug|x86.ActiveCfg = Debug|Any CPU
		{DB03557D-887D-4B33-BE39-DDA4116D18EF}.Debug|x86.Build.0 = Debug|Any CPU
		{DB03557D-887D-4B33-BE39-DDA4116D18EF}.Release|Any CPU.ActiveCfg = Release|Any CPU
		{DB03557D-887D-4B33-BE39-DDA4116D18EF}.Release|Any CPU.Build.0 = Release|Any CPU
		{DB03557D-887D-4B33-BE39-DDA4116D18EF}.Release|x64.ActiveCfg = Release|Any CPU
		{DB03557D-887D-4B33-BE39-DDA4116D18EF}.Release|x64.Build.0 = Release|Any CPU
		{DB03557D-887D-4B33-BE39-DDA4116D18EF}.Release|x86.ActiveCfg = Release|Any CPU
		{DB03557D-887D-4B33-BE39-DDA4116D18EF}.Release|x86.Build.0 = Release|Any CPU
		{0140BA01-1329-43A0-9DF2-903023271EF0}.Debug|Any CPU.ActiveCfg = Debug|Any CPU
		{0140BA01-1329-43A0-9DF2-903023271EF0}.Debug|Any CPU.Build.0 = Debug|Any CPU
		{0140BA01-1329-43A0-9DF2-903023271EF0}.Debug|x64.ActiveCfg = Debug|Any CPU
		{0140BA01-1329-43A0-9DF2-903023271EF0}.Debug|x64.Build.0 = Debug|Any CPU
		{0140BA01-1329-43A0-9DF2-903023271EF0}.Debug|x86.ActiveCfg = Debug|Any CPU
		{0140BA01-1329-43A0-9DF2-903023271EF0}.Debug|x86.Build.0 = Debug|Any CPU
		{0140BA01-1329-43A0-9DF2-903023271EF0}.Release|Any CPU.ActiveCfg = Release|Any CPU
		{0140BA01-1329-43A0-9DF2-903023271EF0}.Release|Any CPU.Build.0 = Release|Any CPU
		{0140BA01-1329-43A0-9DF2-903023271EF0}.Release|x64.ActiveCfg = Release|Any CPU
		{0140BA01-1329-43A0-9DF2-903023271EF0}.Release|x64.Build.0 = Release|Any CPU
		{0140BA01-1329-43A0-9DF2-903023271EF0}.Release|x86.ActiveCfg = Release|Any CPU
		{0140BA01-1329-43A0-9DF2-903023271EF0}.Release|x86.Build.0 = Release|Any CPU
		{5447B431-5B3A-47D6-A428-CFC01D71137C}.Debug|Any CPU.ActiveCfg = Debug|Any CPU
		{5447B431-5B3A-47D6-A428-CFC01D71137C}.Debug|Any CPU.Build.0 = Debug|Any CPU
		{5447B431-5B3A-47D6-A428-CFC01D71137C}.Debug|x64.ActiveCfg = Debug|Any CPU
		{5447B431-5B3A-47D6-A428-CFC01D71137C}.Debug|x64.Build.0 = Debug|Any CPU
		{5447B431-5B3A-47D6-A428-CFC01D71137C}.Debug|x86.ActiveCfg = Debug|Any CPU
		{5447B431-5B3A-47D6-A428-CFC01D71137C}.Debug|x86.Build.0 = Debug|Any CPU
		{5447B431-5B3A-47D6-A428-CFC01D71137C}.Release|Any CPU.ActiveCfg = Release|Any CPU
		{5447B431-5B3A-47D6-A428-CFC01D71137C}.Release|Any CPU.Build.0 = Release|Any CPU
		{5447B431-5B3A-47D6-A428-CFC01D71137C}.Release|x64.ActiveCfg = Release|Any CPU
		{5447B431-5B3A-47D6-A428-CFC01D71137C}.Release|x64.Build.0 = Release|Any CPU
		{5447B431-5B3A-47D6-A428-CFC01D71137C}.Release|x86.ActiveCfg = Release|Any CPU
		{5447B431-5B3A-47D6-A428-CFC01D71137C}.Release|x86.Build.0 = Release|Any CPU
		{9432CBC4-EC34-4D62-A3F1-45DF2F914F13}.Debug|Any CPU.ActiveCfg = Debug|Any CPU
		{9432CBC4-EC34-4D62-A3F1-45DF2F914F13}.Debug|Any CPU.Build.0 = Debug|Any CPU
		{9432CBC4-EC34-4D62-A3F1-45DF2F914F13}.Debug|x64.ActiveCfg = Debug|Any CPU
		{9432CBC4-EC34-4D62-A3F1-45DF2F914F13}.Debug|x64.Build.0 = Debug|Any CPU
		{9432CBC4-EC34-4D62-A3F1-45DF2F914F13}.Debug|x86.ActiveCfg = Debug|Any CPU
		{9432CBC4-EC34-4D62-A3F1-45DF2F914F13}.Debug|x86.Build.0 = Debug|Any CPU
		{9432CBC4-EC34-4D62-A3F1-45DF2F914F13}.Release|Any CPU.ActiveCfg = Release|Any CPU
		{9432CBC4-EC34-4D62-A3F1-45DF2F914F13}.Release|Any CPU.Build.0 = Release|Any CPU
		{9432CBC4-EC34-4D62-A3F1-45DF2F914F13}.Release|x64.ActiveCfg = Release|Any CPU
		{9432CBC4-EC34-4D62-A3F1-45DF2F914F13}.Release|x64.Build.0 = Release|Any CPU
		{9432CBC4-EC34-4D62-A3F1-45DF2F914F13}.Release|x86.ActiveCfg = Release|Any CPU
		{9432CBC4-EC34-4D62-A3F1-45DF2F914F13}.Release|x86.Build.0 = Release|Any CPU
		{067D3395-2CED-4A60-AC18-FA9F87158D28}.Debug|Any CPU.ActiveCfg = Debug|Any CPU
		{067D3395-2CED-4A60-AC18-FA9F87158D28}.Debug|Any CPU.Build.0 = Debug|Any CPU
		{067D3395-2CED-4A60-AC18-FA9F87158D28}.Debug|x64.ActiveCfg = Debug|Any CPU
		{067D3395-2CED-4A60-AC18-FA9F87158D28}.Debug|x64.Build.0 = Debug|Any CPU
		{067D3395-2CED-4A60-AC18-FA9F87158D28}.Debug|x86.ActiveCfg = Debug|Any CPU
		{067D3395-2CED-4A60-AC18-FA9F87158D28}.Debug|x86.Build.0 = Debug|Any CPU
		{067D3395-2CED-4A60-AC18-FA9F87158D28}.Release|Any CPU.ActiveCfg = Release|Any CPU
		{067D3395-2CED-4A60-AC18-FA9F87158D28}.Release|Any CPU.Build.0 = Release|Any CPU
		{067D3395-2CED-4A60-AC18-FA9F87158D28}.Release|x64.ActiveCfg = Release|Any CPU
		{067D3395-2CED-4A60-AC18-FA9F87158D28}.Release|x64.Build.0 = Release|Any CPU
		{067D3395-2CED-4A60-AC18-FA9F87158D28}.Release|x86.ActiveCfg = Release|Any CPU
		{067D3395-2CED-4A60-AC18-FA9F87158D28}.Release|x86.Build.0 = Release|Any CPU
		{E68FA0BA-F0A4-F704-5156-C748B031AB9D}.Debug|Any CPU.ActiveCfg = Debug|Any CPU
		{E68FA0BA-F0A4-F704-5156-C748B031AB9D}.Debug|Any CPU.Build.0 = Debug|Any CPU
		{E68FA0BA-F0A4-F704-5156-C748B031AB9D}.Debug|x64.ActiveCfg = Debug|Any CPU
		{E68FA0BA-F0A4-F704-5156-C748B031AB9D}.Debug|x64.Build.0 = Debug|Any CPU
		{E68FA0BA-F0A4-F704-5156-C748B031AB9D}.Debug|x86.ActiveCfg = Debug|Any CPU
		{E68FA0BA-F0A4-F704-5156-C748B031AB9D}.Debug|x86.Build.0 = Debug|Any CPU
		{E68FA0BA-F0A4-F704-5156-C748B031AB9D}.Release|Any CPU.ActiveCfg = Release|Any CPU
		{E68FA0BA-F0A4-F704-5156-C748B031AB9D}.Release|Any CPU.Build.0 = Release|Any CPU
		{E68FA0BA-F0A4-F704-5156-C748B031AB9D}.Release|x64.ActiveCfg = Release|Any CPU
		{E68FA0BA-F0A4-F704-5156-C748B031AB9D}.Release|x64.Build.0 = Release|Any CPU
		{E68FA0BA-F0A4-F704-5156-C748B031AB9D}.Release|x86.ActiveCfg = Release|Any CPU
		{E68FA0BA-F0A4-F704-5156-C748B031AB9D}.Release|x86.Build.0 = Release|Any CPU
	EndGlobalSection
	GlobalSection(SolutionProperties) = preSolution
		HideSolutionNode = FALSE
	EndGlobalSection
	GlobalSection(NestedProjects) = preSolution
		{DE5837C4-E0B5-8737-ACCF-D8F08A26C877} = {C3A202AD-EADD-4864-49DF-ED20E2971546}
		{3923D700-F15B-46B7-81D4-08F4EBD493A5} = {DE5837C4-E0B5-8737-ACCF-D8F08A26C877}
		{33CDDDAC-3B00-A2B1-A4AD-DEFAC6387B16} = {C3A202AD-EADD-4864-49DF-ED20E2971546}
		{6F402521-35E7-457B-B317-407466D350FC} = {33CDDDAC-3B00-A2B1-A4AD-DEFAC6387B16}
		{F4BC60BF-FA78-A8A3-0EF3-9C7C2CEBF534} = {5854FF58-B8C5-05C6-5BF2-ACE42193F22B}
		{89A77281-2D1E-154A-6298-D9E35C89BF86} = {F4BC60BF-FA78-A8A3-0EF3-9C7C2CEBF534}
		{E4BDAD61-1912-4BE3-B80F-E19BCDFDD5AB} = {89A77281-2D1E-154A-6298-D9E35C89BF86}
		{08CDBD14-2D98-96E0-91EC-791617A15C0B} = {F4BC60BF-FA78-A8A3-0EF3-9C7C2CEBF534}
		{EBD80B0F-CDC0-439A-904B-F2C2A08AC911} = {08CDBD14-2D98-96E0-91EC-791617A15C0B}
		{AE2F9CF0-AF3E-25D6-152C-D7B363EF0B0E} = {F4BC60BF-FA78-A8A3-0EF3-9C7C2CEBF534}
		{761F9285-252D-4835-A125-28F7B8A676AA} = {AE2F9CF0-AF3E-25D6-152C-D7B363EF0B0E}
		{4A0F9E6C-ED95-E681-7DD5-77F02E68E555} = {F4BC60BF-FA78-A8A3-0EF3-9C7C2CEBF534}
		{480F8119-3276-4728-8078-AF96D043CE3B} = {4A0F9E6C-ED95-E681-7DD5-77F02E68E555}
		{05772A79-6677-48D6-4812-5BDCDF485F71} = {5854FF58-B8C5-05C6-5BF2-ACE42193F22B}
		{9D35ED81-5230-1A7B-F54E-A61F72188AEC} = {05772A79-6677-48D6-4812-5BDCDF485F71}
		{2C67C422-F2D9-48A3-86B7-6541AB9A7C4B} = {9D35ED81-5230-1A7B-F54E-A61F72188AEC}
		{C29EC3EB-22F9-EEEF-04BF-91B0D548B91A} = {05772A79-6677-48D6-4812-5BDCDF485F71}
		{040F4D01-EA60-43BB-9FCC-3D193B357AFA} = {C29EC3EB-22F9-EEEF-04BF-91B0D548B91A}
		{5290E2B8-4EAD-409A-0332-9F6C97ADEE09} = {05772A79-6677-48D6-4812-5BDCDF485F71}
		{E842A325-DA23-46F1-8DFC-D787ED46E4D8} = {5290E2B8-4EAD-409A-0332-9F6C97ADEE09}
		{35547102-6A33-3C0C-8BC3-C046CF691F7B} = {05772A79-6677-48D6-4812-5BDCDF485F71}
		{DB03557D-887D-4B33-BE39-DDA4116D18EF} = {35547102-6A33-3C0C-8BC3-C046CF691F7B}
		{C37F6A99-4F64-C411-A3CA-5C94B414AB7E} = {5854FF58-B8C5-05C6-5BF2-ACE42193F22B}
		{4D7A9D38-F98D-A8C8-1597-86AF2C6ED751} = {C37F6A99-4F64-C411-A3CA-5C94B414AB7E}
		{0140BA01-1329-43A0-9DF2-903023271EF0} = {4D7A9D38-F98D-A8C8-1597-86AF2C6ED751}
		{FD27AA2D-1E56-FC2C-5EC3-1510B35841E9} = {C37F6A99-4F64-C411-A3CA-5C94B414AB7E}
		{5447B431-5B3A-47D6-A428-CFC01D71137C} = {FD27AA2D-1E56-FC2C-5EC3-1510B35841E9}
		{3220822C-6F43-9A64-53A5-67B79EFAFA65} = {C37F6A99-4F64-C411-A3CA-5C94B414AB7E}
		{9432CBC4-EC34-4D62-A3F1-45DF2F914F13} = {3220822C-6F43-9A64-53A5-67B79EFAFA65}
		{C93EC28C-1D59-A885-2079-1D0EBB38A91E} = {C37F6A99-4F64-C411-A3CA-5C94B414AB7E}
		{067D3395-2CED-4A60-AC18-FA9F87158D28} = {C93EC28C-1D59-A885-2079-1D0EBB38A91E}
		{E68FA0BA-F0A4-F704-5156-C748B031AB9D} = {02EA681E-C7D8-13C7-8484-4AC65E1B71E8}
	EndGlobalSection
	GlobalSection(ExtensibilityGlobals) = postSolution
		SolutionGuid = {12AE6585-8D2A-4767-94E5-F4856FB1DBA2}
	EndGlobalSection
EndGlobal
